// !$*UTF8*$!
{
	archiveVersion = 1;
	classes = {
	};
	objectVersion = 56;
	objects = {

/* Begin PBXBuildFile section */
		61C5BAE52B0E6A1500E1450A /* Onlin_ShopApp.swift in Sources */ = {isa = PBXBuildFile; fileRef = 61C5BAE42B0E6A1500E1450A /* Onlin_ShopApp.swift */; };
		61C5BAE72B0E6A1500E1450A /* ContentView.swift in Sources */ = {isa = PBXBuildFile; fileRef = 61C5BAE62B0E6A1500E1450A /* ContentView.swift */; };
		61C5BAE92B0E6A1600E1450A /* Assets.xcassets in Resources */ = {isa = PBXBuildFile; fileRef = 61C5BAE82B0E6A1600E1450A /* Assets.xcassets */; };
		61C5BAEC2B0E6A1600E1450A /* Preview Assets.xcassets in Resources */ = {isa = PBXBuildFile; fileRef = 61C5BAEB2B0E6A1600E1450A /* Preview Assets.xcassets */; };
		61C5BAF42B0E6CE400E1450A /* Shop.swift in Sources */ = {isa = PBXBuildFile; fileRef = 61C5BAF32B0E6CE400E1450A /* Shop.swift */; };
		61C5BAF62B0E6E4800E1450A /* Product.swift in Sources */ = {isa = PBXBuildFile; fileRef = 61C5BAF52B0E6E4800E1450A /* Product.swift */; };
		61C5BAFA2B0E703B00E1450A /* ShopViewModel.swift in Sources */ = {isa = PBXBuildFile; fileRef = 61C5BAF92B0E703B00E1450A /* ShopViewModel.swift */; };
		61C5BAFD2B0E70FD00E1450A /* ProductViewModel.swift in Sources */ = {isa = PBXBuildFile; fileRef = 61C5BAFC2B0E70FD00E1450A /* ProductViewModel.swift */; };
		61C5BAFF2B0E743400E1450A /* ProductListView.swift in Sources */ = {isa = PBXBuildFile; fileRef = 61C5BAFE2B0E743400E1450A /* ProductListView.swift */; };
		61EB94292B78BD2200532BA2 /* ShopListView.swift in Sources */ = {isa = PBXBuildFile; fileRef = 61EB94282B78BD2200532BA2 /* ShopListView.swift */; };
		61EB942B2B7A938200532BA2 /* ProductDetailsView.swift in Sources */ = {isa = PBXBuildFile; fileRef = 61EB942A2B7A938200532BA2 /* ProductDetailsView.swift */; };
		61EB942D2B7A93E600532BA2 /* ProdcutDetailsViewModel.swift in Sources */ = {isa = PBXBuildFile; fileRef = 61EB942C2B7A93E600532BA2 /* ProdcutDetailsViewModel.swift */; };
		61EB942F2B7A9AE500532BA2 /* ProductRepository.swift in Sources */ = {isa = PBXBuildFile; fileRef = 61EB942E2B7A9AE500532BA2 /* ProductRepository.swift */; };
/* End PBXBuildFile section */

/* Begin PBXFileReference section */
		61C5BAE12B0E6A1500E1450A /* Onlin Shop.app */ = {isa = PBXFileReference; explicitFileType = wrapper.application; includeInIndex = 0; path = "Onlin Shop.app"; sourceTree = BUILT_PRODUCTS_DIR; };
		61C5BAE42B0E6A1500E1450A /* Onlin_ShopApp.swift */ = {isa = PBXFileReference; lastKnownFileType = sourcecode.swift; path = Onlin_ShopApp.swift; sourceTree = "<group>"; };
		61C5BAE62B0E6A1500E1450A /* ContentView.swift */ = {isa = PBXFileReference; lastKnownFileType = sourcecode.swift; path = ContentView.swift; sourceTree = "<group>"; };
		61C5BAE82B0E6A1600E1450A /* Assets.xcassets */ = {isa = PBXFileReference; lastKnownFileType = folder.assetcatalog; path = Assets.xcassets; sourceTree = "<group>"; };
		61C5BAEB2B0E6A1600E1450A /* Preview Assets.xcassets */ = {isa = PBXFileReference; lastKnownFileType = folder.assetcatalog; path = "Preview Assets.xcassets"; sourceTree = "<group>"; };
		61C5BAF32B0E6CE400E1450A /* Shop.swift */ = {isa = PBXFileReference; lastKnownFileType = sourcecode.swift; path = Shop.swift; sourceTree = "<group>"; };
		61C5BAF52B0E6E4800E1450A /* Product.swift */ = {isa = PBXFileReference; lastKnownFileType = sourcecode.swift; path = Product.swift; sourceTree = "<group>"; };
		61C5BAF92B0E703B00E1450A /* ShopViewModel.swift */ = {isa = PBXFileReference; lastKnownFileType = sourcecode.swift; path = ShopViewModel.swift; sourceTree = "<group>"; };
		61C5BAFC2B0E70FD00E1450A /* ProductViewModel.swift */ = {isa = PBXFileReference; lastKnownFileType = sourcecode.swift; path = ProductViewModel.swift; sourceTree = "<group>"; };
		61C5BAFE2B0E743400E1450A /* ProductListView.swift */ = {isa = PBXFileReference; lastKnownFileType = sourcecode.swift; path = ProductListView.swift; sourceTree = "<group>"; };
		61EB94282B78BD2200532BA2 /* ShopListView.swift */ = {isa = PBXFileReference; lastKnownFileType = sourcecode.swift; path = ShopListView.swift; sourceTree = "<group>"; };
		61EB942A2B7A938200532BA2 /* ProductDetailsView.swift */ = {isa = PBXFileReference; lastKnownFileType = sourcecode.swift; path = ProductDetailsView.swift; sourceTree = "<group>"; };
		61EB942C2B7A93E600532BA2 /* ProdcutDetailsViewModel.swift */ = {isa = PBXFileReference; lastKnownFileType = sourcecode.swift; path = ProdcutDetailsViewModel.swift; sourceTree = "<group>"; };
		61EB942E2B7A9AE500532BA2 /* ProductRepository.swift */ = {isa = PBXFileReference; lastKnownFileType = sourcecode.swift; path = ProductRepository.swift; sourceTree = "<group>"; };
/* End PBXFileReference section */

/* Begin PBXFrameworksBuildPhase section */
		61C5BADE2B0E6A1500E1450A /* Frameworks */ = {
			isa = PBXFrameworksBuildPhase;
			buildActionMask = 2147483647;
			files = (
			);
			runOnlyForDeploymentPostprocessing = 0;
		};
/* End PBXFrameworksBuildPhase section */

/* Begin PBXGroup section */
		61C5BAD82B0E6A1400E1450A = {
			isa = PBXGroup;
			children = (
				61C5BAE32B0E6A1500E1450A /* Onlin Shop */,
				61C5BAE22B0E6A1500E1450A /* Products */,
			);
			sourceTree = "<group>";
		};
		61C5BAE22B0E6A1500E1450A /* Products */ = {
			isa = PBXGroup;
			children = (
				61C5BAE12B0E6A1500E1450A /* Onlin Shop.app */,
			);
			name = Products;
			sourceTree = "<group>";
		};
		61C5BAE32B0E6A1500E1450A /* Onlin Shop */ = {
			isa = PBXGroup;
			children = (
				61C5BB002B0E75D500E1450A /* View */,
				61C5BAF82B0E702000E1450A /* ViewModel */,
				61C5BAF22B0E6CB300E1450A /* Models */,
				61C5BAE42B0E6A1500E1450A /* Onlin_ShopApp.swift */,
				61C5BAE82B0E6A1600E1450A /* Assets.xcassets */,
				61C5BAEA2B0E6A1600E1450A /* Preview Content */,
				61EB942E2B7A9AE500532BA2 /* ProductRepository.swift */,
			);
			path = "Onlin Shop";
			sourceTree = "<group>";
		};
		61C5BAEA2B0E6A1600E1450A /* Preview Content */ = {
			isa = PBXGroup;
			children = (
				61C5BAEB2B0E6A1600E1450A /* Preview Assets.xcassets */,
			);
			path = "Preview Content";
			sourceTree = "<group>";
		};
		61C5BAF22B0E6CB300E1450A /* Models */ = {
			isa = PBXGroup;
			children = (
				61C5BAF32B0E6CE400E1450A /* Shop.swift */,
				61C5BAF52B0E6E4800E1450A /* Product.swift */,
			);
			path = Models;
			sourceTree = "<group>";
		};
		61C5BAF82B0E702000E1450A /* ViewModel */ = {
			isa = PBXGroup;
			children = (
				61C5BAF92B0E703B00E1450A /* ShopViewModel.swift */,
				61C5BAFC2B0E70FD00E1450A /* ProductViewModel.swift */,
				61EB942C2B7A93E600532BA2 /* ProdcutDetailsViewModel.swift */,
			);
			path = ViewModel;
			sourceTree = "<group>";
		};
		61C5BB002B0E75D500E1450A /* View */ = {
			isa = PBXGroup;
			children = (
				61C5BAE62B0E6A1500E1450A /* ContentView.swift */,
				61C5BAFE2B0E743400E1450A /* ProductListView.swift */,
				61EB94282B78BD2200532BA2 /* ShopListView.swift */,
				61EB942A2B7A938200532BA2 /* ProductDetailsView.swift */,
			);
			path = View;
			sourceTree = "<group>";
		};
/* End PBXGroup section */

/* Begin PBXNativeTarget section */
		61C5BAE02B0E6A1500E1450A /* Onlin Shop */ = {
			isa = PBXNativeTarget;
			buildConfigurationList = 61C5BAEF2B0E6A1600E1450A /* Build configuration list for PBXNativeTarget "Onlin Shop" */;
			buildPhases = (
				61C5BADD2B0E6A1500E1450A /* Sources */,
				61C5BADE2B0E6A1500E1450A /* Frameworks */,
				61C5BADF2B0E6A1500E1450A /* Resources */,
			);
			buildRules = (
			);
			dependencies = (
			);
			name = "Onlin Shop";
			productName = "Onlin Shop";
			productReference = 61C5BAE12B0E6A1500E1450A /* Onlin Shop.app */;
			productType = "com.apple.product-type.application";
		};
/* End PBXNativeTarget section */

/* Begin PBXProject section */
		61C5BAD92B0E6A1400E1450A /* Project object */ = {
			isa = PBXProject;
			attributes = {
				BuildIndependentTargetsInParallel = 1;
				LastSwiftUpdateCheck = 1500;
				LastUpgradeCheck = 1500;
				TargetAttributes = {
					61C5BAE02B0E6A1500E1450A = {
						CreatedOnToolsVersion = 15.0;
					};
				};
			};
			buildConfigurationList = 61C5BADC2B0E6A1400E1450A /* Build configuration list for PBXProject "Onlin Shop" */;
			compatibilityVersion = "Xcode 14.0";
			developmentRegion = en;
			hasScannedForEncodings = 0;
			knownRegions = (
				en,
				Base,
			);
			mainGroup = 61C5BAD82B0E6A1400E1450A;
			productRefGroup = 61C5BAE22B0E6A1500E1450A /* Products */;
			projectDirPath = "";
			projectRoot = "";
			targets = (
				61C5BAE02B0E6A1500E1450A /* Onlin Shop */,
			);
		};
/* End PBXProject section */

/* Begin PBXResourcesBuildPhase section */
		61C5BADF2B0E6A1500E1450A /* Resources */ = {
			isa = PBXResourcesBuildPhase;
			buildActionMask = 2147483647;
			files = (
				61C5BAEC2B0E6A1600E1450A /* Preview Assets.xcassets in Resources */,
				61C5BAE92B0E6A1600E1450A /* Assets.xcassets in Resources */,
			);
			runOnlyForDeploymentPostprocessing = 0;
		};
/* End PBXResourcesBuildPhase section */

/* Begin PBXSourcesBuildPhase section */
		61C5BADD2B0E6A1500E1450A /* Sources */ = {
			isa = PBXSourcesBuildPhase;
			buildActionMask = 2147483647;
			files = (
				61C5BAF42B0E6CE400E1450A /* Shop.swift in Sources */,
				61C5BAF62B0E6E4800E1450A /* Product.swift in Sources */,
				61C5BAFF2B0E743400E1450A /* ProductListView.swift in Sources */,
				61C5BAFD2B0E70FD00E1450A /* ProductViewModel.swift in Sources */,
				61C5BAE72B0E6A1500E1450A /* ContentView.swift in Sources */,
				61EB942D2B7A93E600532BA2 /* ProdcutDetailsViewModel.swift in Sources */,
				61C5BAE52B0E6A1500E1450A /* Onlin_ShopApp.swift in Sources */,
				61EB942F2B7A9AE500532BA2 /* ProductRepository.swift in Sources */,
				61EB94292B78BD2200532BA2 /* ShopListView.swift in Sources */,
				61C5BAFA2B0E703B00E1450A /* ShopViewModel.swift in Sources */,
				61EB942B2B7A938200532BA2 /* ProductDetailsView.swift in Sources */,
			);
			runOnlyForDeploymentPostprocessing = 0;
		};
/* End PBXSourcesBuildPhase section */

/* Begin XCBuildConfiguration section */
		61C5BAED2B0E6A1600E1450A /* Debug */ = {
			isa = XCBuildConfiguration;
			buildSettings = {
				ALWAYS_SEARCH_USER_PATHS = NO;
				ASSETCATALOG_COMPILER_GENERATE_SWIFT_ASSET_SYMBOL_EXTENSIONS = YES;
				CLANG_ANALYZER_NONNULL = YES;
				CLANG_ANALYZER_NUMBER_OBJECT_CONVERSION = YES_AGGRESSIVE;
				CLANG_CXX_LANGUAGE_STANDARD = "gnu++20";
				CLANG_ENABLE_MODULES = YES;
				CLANG_ENABLE_OBJC_ARC = YES;
				CLANG_ENABLE_OBJC_WEAK = YES;
				CLANG_WARN_BLOCK_CAPTURE_AUTORELEASING = YES;
				CLANG_WARN_BOOL_CONVERSION = YES;
				CLANG_WARN_COMMA = YES;
				CLANG_WARN_CONSTANT_CONVERSION = YES;
				CLANG_WARN_DEPRECATED_OBJC_IMPLEMENTATIONS = YES;
				CLANG_WARN_DIRECT_OBJC_ISA_USAGE = YES_ERROR;
				CLANG_WARN_DOCUMENTATION_COMMENTS = YES;
				CLANG_WARN_EMPTY_BODY = YES;
				CLANG_WARN_ENUM_CONVERSION = YES;
				CLANG_WARN_INFINITE_RECURSION = YES;
				CLANG_WARN_INT_CONVERSION = YES;
				CLANG_WARN_NON_LITERAL_NULL_CONVERSION = YES;
				CLANG_WARN_OBJC_IMPLICIT_RETAIN_SELF = YES;
				CLANG_WARN_OBJC_LITERAL_CONVERSION = YES;
				CLANG_WARN_OBJC_ROOT_CLASS = YES_ERROR;
				CLANG_WARN_QUOTED_INCLUDE_IN_FRAMEWORK_HEADER = YES;
				CLANG_WARN_RANGE_LOOP_ANALYSIS = YES;
				CLANG_WARN_STRICT_PROTOTYPES = YES;
				CLANG_WARN_SUSPICIOUS_MOVE = YES;
				CLANG_WARN_UNGUARDED_AVAILABILITY = YES_AGGRESSIVE;
				CLANG_WARN_UNREACHABLE_CODE = YES;
				CLANG_WARN__DUPLICATE_METHOD_MATCH = YES;
				COPY_PHASE_STRIP = NO;
				DEBUG_INFORMATION_FORMAT = dwarf;
				ENABLE_STRICT_OBJC_MSGSEND = YES;
				ENABLE_TESTABILITY = YES;
				ENABLE_USER_SCRIPT_SANDBOXING = YES;
				GCC_C_LANGUAGE_STANDARD = gnu17;
				GCC_DYNAMIC_NO_PIC = NO;
				GCC_NO_COMMON_BLOCKS = YES;
				GCC_OPTIMIZATION_LEVEL = 0;
				GCC_PREPROCESSOR_DEFINITIONS = (
					"DEBUG=1",
					"$(inherited)",
				);
				GCC_WARN_64_TO_32_BIT_CONVERSION = YES;
				GCC_WARN_ABOUT_RETURN_TYPE = YES_ERROR;
				GCC_WARN_UNDECLARED_SELECTOR = YES;
				GCC_WARN_UNINITIALIZED_AUTOS = YES_AGGRESSIVE;
				GCC_WARN_UNUSED_FUNCTION = YES;
				GCC_WARN_UNUSED_VARIABLE = YES;
				IPHONEOS_DEPLOYMENT_TARGET = 17.0;
				LOCALIZATION_PREFERS_STRING_CATALOGS = YES;
				MTL_ENABLE_DEBUG_INFO = INCLUDE_SOURCE;
				MTL_FAST_MATH = YES;
				ONLY_ACTIVE_ARCH = YES;
				SDKROOT = iphoneos;
				SWIFT_ACTIVE_COMPILATION_CONDITIONS = "DEBUG $(inherited)";
				SWIFT_OPTIMIZATION_LEVEL = "-Onone";
			};
			name = Debug;
		};
		61C5BAEE2B0E6A1600E1450A /* Release */ = {
			isa = XCBuildConfiguration;
			buildSettings = {
				ALWAYS_SEARCH_USER_PATHS = NO;
				ASSETCATALOG_COMPILER_GENERATE_SWIFT_ASSET_SYMBOL_EXTENSIONS = YES;
				CLANG_ANALYZER_NONNULL = YES;
				CLANG_ANALYZER_NUMBER_OBJECT_CONVERSION = YES_AGGRESSIVE;
				CLANG_CXX_LANGUAGE_STANDARD = "gnu++20";
				CLANG_ENABLE_MODULES = YES;
				CLANG_ENABLE_OBJC_ARC = YES;
				CLANG_ENABLE_OBJC_WEAK = YES;
				CLANG_WARN_BLOCK_CAPTURE_AUTORELEASING = YES;
				CLANG_WARN_BOOL_CONVERSION = YES;
				CLANG_WARN_COMMA = YES;
				CLANG_WARN_CONSTANT_CONVERSION = YES;
				CLANG_WARN_DEPRECATED_OBJC_IMPLEMENTATIONS = YES;
				CLANG_WARN_DIRECT_OBJC_ISA_USAGE = YES_ERROR;
				CLANG_WARN_DOCUMENTATION_COMMENTS = YES;
				CLANG_WARN_EMPTY_BODY = YES;
				CLANG_WARN_ENUM_CONVERSION = YES;
				CLANG_WARN_INFINITE_RECURSION = YES;
				CLANG_WARN_INT_CONVERSION = YES;
				CLANG_WARN_NON_LITERAL_NULL_CONVERSION = YES;
				CLANG_WARN_OBJC_IMPLICIT_RETAIN_SELF = YES;
				CLANG_WARN_OBJC_LITERAL_CONVERSION = YES;
				CLANG_WARN_OBJC_ROOT_CLASS = YES_ERROR;
				CLANG_WARN_QUOTED_INCLUDE_IN_FRAMEWORK_HEADER = YES;
				CLANG_WARN_RANGE_LOOP_ANALYSIS = YES;
				CLANG_WARN_STRICT_PROTOTYPES = YES;
				CLANG_WARN_SUSPICIOUS_MOVE = YES;
				CLANG_WARN_UNGUARDED_AVAILABILITY = YES_AGGRESSIVE;
				CLANG_WARN_UNREACHABLE_CODE = YES;
				CLANG_WARN__DUPLICATE_METHOD_MATCH = YES;
				COPY_PHASE_STRIP = NO;
				DEBUG_INFORMATION_FORMAT = "dwarf-with-dsym";
				ENABLE_NS_ASSERTIONS = NO;
				ENABLE_STRICT_OBJC_MSGSEND = YES;
				ENABLE_USER_SCRIPT_SANDBOXING = YES;
				GCC_C_LANGUAGE_STANDARD = gnu17;
				GCC_NO_COMMON_BLOCKS = YES;
				GCC_WARN_64_TO_32_BIT_CONVERSION = YES;
				GCC_WARN_ABOUT_RETURN_TYPE = YES_ERROR;
				GCC_WARN_UNDECLARED_SELECTOR = YES;
				GCC_WARN_UNINITIALIZED_AUTOS = YES_AGGRESSIVE;
				GCC_WARN_UNUSED_FUNCTION = YES;
				GCC_WARN_UNUSED_VARIABLE = YES;
				IPHONEOS_DEPLOYMENT_TARGET = 17.0;
				LOCALIZATION_PREFERS_STRING_CATALOGS = YES;
				MTL_ENABLE_DEBUG_INFO = NO;
				MTL_FAST_MATH = YES;
				SDKROOT = iphoneos;
				SWIFT_COMPILATION_MODE = wholemodule;
				VALIDATE_PRODUCT = YES;
			};
			name = Release;
		};
		61C5BAF02B0E6A1600E1450A /* Debug */ = {
			isa = XCBuildConfiguration;
			buildSettings = {
				ASSETCATALOG_COMPILER_APPICON_NAME = AppIcon;
				ASSETCATALOG_COMPILER_GLOBAL_ACCENT_COLOR_NAME = AccentColor;
				CODE_SIGN_STYLE = Automatic;
				CURRENT_PROJECT_VERSION = 1;
				DEVELOPMENT_ASSET_PATHS = "\"Onlin Shop/Preview Content\"";
				DEVELOPMENT_TEAM = VV968KFH58;
				ENABLE_PREVIEWS = YES;
				GENERATE_INFOPLIST_FILE = YES;
				INFOPLIST_KEY_UIApplicationSceneManifest_Generation = YES;
				INFOPLIST_KEY_UIApplicationSupportsIndirectInputEvents = YES;
				INFOPLIST_KEY_UILaunchScreen_Generation = YES;
				INFOPLIST_KEY_UISupportedInterfaceOrientations_iPad = "UIInterfaceOrientationPortrait UIInterfaceOrientationPortraitUpsideDown UIInterfaceOrientationLandscapeLeft UIInterfaceOrientationLandscapeRight";
				INFOPLIST_KEY_UISupportedInterfaceOrientations_iPhone = "UIInterfaceOrientationPortrait UIInterfaceOrientationLandscapeLeft UIInterfaceOrientationLandscapeRight";
				LD_RUNPATH_SEARCH_PATHS = (
					"$(inherited)",
					"@executable_path/Frameworks",
				);
				MARKETING_VERSION = 1.0;
				PRODUCT_BUNDLE_IDENTIFIER = "com.topographic.map.Onlin-Shop";
				PRODUCT_NAME = "$(TARGET_NAME)";
				SWIFT_EMIT_LOC_STRINGS = YES;
				SWIFT_VERSION = 5.0;
				TARGETED_DEVICE_FAMILY = "1,2";
			};
			name = Debug;
		};
		61C5BAF12B0E6A1600E1450A /* Release */ = {
			isa = XCBuildConfiguration;
			buildSettings = {
				ASSETCATALOG_COMPILER_APPICON_NAME = AppIcon;
				ASSETCATALOG_COMPILER_GLOBAL_ACCENT_COLOR_NAME = AccentColor;
				CODE_SIGN_STYLE = Automatic;
				CURRENT_PROJECT_VERSION = 1;
				DEVELOPMENT_ASSET_PATHS = "\"Onlin Shop/Preview Content\"";
				DEVELOPMENT_TEAM = VV968KFH58;
				ENABLE_PREVIEWS = YES;
				GENERATE_INFOPLIST_FILE = YES;
				INFOPLIST_KEY_UIApplicationSceneManifest_Generation = YES;
				INFOPLIST_KEY_UIApplicationSupportsIndirectInputEvents = YES;
				INFOPLIST_KEY_UILaunchScreen_Generation = YES;
				INFOPLIST_KEY_UISupportedInterfaceOrientations_iPad = "UIInterfaceOrientationPortrait UIInterfaceOrientationPortraitUpsideDown UIInterfaceOrientationLandscapeLeft UIInterfaceOrientationLandscapeRight";
				INFOPLIST_KEY_UISupportedInterfaceOrientations_iPhone = "UIInterfaceOrientationPortrait UIInterfaceOrientationLandscapeLeft UIInterfaceOrientationLandscapeRight";
				LD_RUNPATH_SEARCH_PATHS = (
					"$(inherited)",
					"@executable_path/Frameworks",
				);
				MARKETING_VERSION = 1.0;
				PRODUCT_BUNDLE_IDENTIFIER = "com.topographic.map.Onlin-Shop";
				PRODUCT_NAME = "$(TARGET_NAME)";
				SWIFT_EMIT_LOC_STRINGS = YES;
				SWIFT_VERSION = 5.0;
				TARGETED_DEVICE_FAMILY = "1,2";
			};
			name = Release;
		};
/* End XCBuildConfiguration section */

/* Begin XCConfigurationList section */
		61C5BADC2B0E6A1400E1450A /* Build configuration list for PBXProject "Onlin Shop" */ = {
			isa = XCConfigurationList;
			buildConfigurations = (
				61C5BAED2B0E6A1600E1450A /* Debug */,
				61C5BAEE2B0E6A1600E1450A /* Release */,
			);
			defaultConfigurationIsVisible = 0;
			defaultConfigurationName = Release;
		};
		61C5BAEF2B0E6A1600E1450A /* Build configuration list for PBXNativeTarget "Onlin Shop" */ = {
			isa = XCConfigurationList;
			buildConfigurations = (
				61C5BAF02B0E6A1600E1450A /* Debug */,
				61C5BAF12B0E6A1600E1450A /* Release */,
			);
			defaultConfigurationIsVisible = 0;
			defaultConfigurationName = Release;
		};
/* End XCConfigurationList section */
	};
	rootObject = 61C5BAD92B0E6A1400E1450A /* Project object */;
}
